{
  "name": "veripaka-pixel-capability",
  "lockfileVersion": 3,
  "requires": true,
  "packages": {
    "": {
      "name": "veripaka-pixel-capability",
      "dependencies": {
        "veripaka": "file:../veripaka-0.1.0-alpha.1.tgz"
      }
    },
    "node_modules/veripaka": {
      "version": "0.1.0-alpha.1",
      "resolved": "file:../veripaka-0.1.0-alpha.1.tgz",
      "integrity": "sha512-hYzd3xb1JyMHKfBPbPcQefb4HgmXeDSntlrYW9sheBlDAjFsMI3oudhBfEqODkedL3rByvHg0I/huipvLYmElg==",
      "dependencies": {
        "yaml": "^2.9.0",
        "zod": "^4.0.0"
      },
      "bin": {
        "veripaka": "dist/src/cli/main.js"
      },
      "engines": {
        "node": ">=24 <25"
      }
    },
    "node_modules/yaml": {
      "version": "2.9.1",
      "resolved": "https://registry.npmjs.org/yaml/-/yaml-2.9.1.tgz",
      "integrity": "sha512-3NxN8+78OdzbT7C/WjGsyfPAtJaN3FNDsWxv7Y7mcDsT/oOmgW8BpyQQFFBnvZE3j9Y2Sdz1ULFLezL7Eb2yFw==",
      "license": "ISC",
      "bin": {
        "yaml": "bin.mjs"
      },
      "engines": {
        "node": ">= 14.6"
      },
      "funding": {
        "url": "https://github.com/sponsors/eemeli"
      }
    },
    "node_modules/zod": {
      "version": "4.6.5",
      "resolved": "https://registry.npmjs.org/zod/-/zod-4.6.5.tgz",
      "integrity": "sha512-v5l/aFXZQeai4awLbOpSoHecE9UiMrnfx75tEXLjNonXVARxQ5mOeipTjROUchszUNCqnE+hqAMujRsRHsut2Q==",
      "license": "MIT",
      "funding": {
        "url": "https://github.com/sponsors/colinhacks"
      }
    }
  }
}
